
Microsoft Visual Studio Solution File, Format Version 12.00
# Visual Studio 15
VisualStudioVersion = 15.0.28307.852
MinimumVisualStudioVersion = 10.0.40219.1
Project("{FAE04EC0-301F-11D3-BF4B-00C04F79EFBC}") = "AssetManmagementSystem", "AssetManmagementSystem\AssetManmagementSystem.csproj", "{EFAE676B-7A41-4B41-9FAD-39354002A621}"
EndProject
Global
	GlobalSection(SolutionConfigurationPlatforms) = preSolution
		Debug|Any CPU = Debug|Any CPU
		Release|Any CPU = Release|Any CPU
	EndGlobalSection
	GlobalSection(ProjectConfigurationPlatforms) = postSolution
		{EFAE676B-7A41-4B41-9FAD-39354002A621}.Debug|Any CPU.ActiveCfg = Debug|Any CPU
		{EFAE676B-7A41-4B41-9FAD-39354002A621}.Debug|Any CPU.Build.0 = Debug|Any CPU
		{EFAE676B-7A41-4B41-9FAD-39354002A621}.Release|Any CPU.ActiveCfg = Release|Any CPU
		{EFAE676B-7A41-4B41-9FAD-39354002A621}.Release|Any CPU.Build.0 = Release|Any CPU
	EndGlobalSection
	GlobalSection(SolutionProperties) = preSolution
		HideSolutionNode = FALSE
	EndGlobalSection
	GlobalSection(ExtensibilityGlobals) = postSolution
		SolutionGuid = {2278B0ED-E0DD-4A9E-AD66-DC90A9081FDB}
	EndGlobalSection
EndGlobal
